
Microsoft Visual Studio Solution File, Format Version 12.00
# Visual Studio 2017
Project("{FAE04EC0-301F-11D3-BF4B-00C04F79EFBC}") = "DoorPresentation.Plugins", "DoorPresentation.Plugins.csproj", "{51FD0E29-6507-8739-07E1-A5537EF21FD9}"
EndProject
Project("{FAE04EC0-301F-11D3-BF4B-00C04F79EFBC}") = "DoorPresentation", "DoorPresentation.csproj", "{4CC921A9-F080-59DF-99FD-682825457D71}"
EndProject
Project("{FAE04EC0-301F-11D3-BF4B-00C04F79EFBC}") = "DoorPresentation.Editor.Plugins", "DoorPresentation.Editor.Plugins.csproj", "{1724B1F0-5BC0-B436-B233-3E06890BFEE9}"
EndProject
Global
	GlobalSection(SolutionConfigurationPlatforms) = preSolution
		Debug|Any CPU = Debug|Any CPU
		Release|Any CPU = Release|Any CPU
	EndGlobalSection
	GlobalSection(ProjectConfigurationPlatforms) = postSolution
		{51FD0E29-6507-8739-07E1-A5537EF21FD9}.Debug|Any CPU.ActiveCfg = Debug|Any CPU
		{51FD0E29-6507-8739-07E1-A5537EF21FD9}.Debug|Any CPU.Build.0 = Debug|Any CPU
		{51FD0E29-6507-8739-07E1-A5537EF21FD9}.Release|Any CPU.ActiveCfg = Release|Any CPU
		{51FD0E29-6507-8739-07E1-A5537EF21FD9}.Release|Any CPU.Build.0 = Release|Any CPU
		{4CC921A9-F080-59DF-99FD-682825457D71}.Debug|Any CPU.ActiveCfg = Debug|Any CPU
		{4CC921A9-F080-59DF-99FD-682825457D71}.Debug|Any CPU.Build.0 = Debug|Any CPU
		{4CC921A9-F080-59DF-99FD-682825457D71}.Release|Any CPU.ActiveCfg = Release|Any CPU
		{4CC921A9-F080-59DF-99FD-682825457D71}.Release|Any CPU.Build.0 = Release|Any CPU
		{1724B1F0-5BC0-B436-B233-3E06890BFEE9}.Debug|Any CPU.ActiveCfg = Debug|Any CPU
		{1724B1F0-5BC0-B436-B233-3E06890BFEE9}.Debug|Any CPU.Build.0 = Debug|Any CPU
		{1724B1F0-5BC0-B436-B233-3E06890BFEE9}.Release|Any CPU.ActiveCfg = Release|Any CPU
		{1724B1F0-5BC0-B436-B233-3E06890BFEE9}.Release|Any CPU.Build.0 = Release|Any CPU
	EndGlobalSection
	GlobalSection(SolutionProperties) = preSolution
		HideSolutionNode = FALSE
	EndGlobalSection
EndGlobal
