
Microsoft Visual Studio Solution File, Format Version 12.00
# Visual Studio 2015
Project("{FAE04EC0-301F-11D3-BF4B-00C04F79EFBC}") = "InteractiveDoor.CSharp.Plugins", "InteractiveDoor.CSharp.Plugins.csproj", "{98578EB2-060E-583A-C5E1-C39076B4E67E}"
EndProject
Project("{FAE04EC0-301F-11D3-BF4B-00C04F79EFBC}") = "InteractiveDoor.CSharp", "InteractiveDoor.CSharp.csproj", "{7D731FCD-F3A8-3303-8CF3-DF88E9D48A1E}"
EndProject
Project("{FAE04EC0-301F-11D3-BF4B-00C04F79EFBC}") = "InteractiveDoor.CSharp.Editor.Plugins", "InteractiveDoor.CSharp.Editor.Plugins.csproj", "{CCCF6092-69C8-9231-E2D2-2AF623DB169D}"
EndProject
Global
	GlobalSection(SolutionConfigurationPlatforms) = preSolution
		Debug|Any CPU = Debug|Any CPU
		Release|Any CPU = Release|Any CPU
	EndGlobalSection
	GlobalSection(ProjectConfigurationPlatforms) = postSolution
		{98578EB2-060E-583A-C5E1-C39076B4E67E}.Debug|Any CPU.ActiveCfg = Debug|Any CPU
		{98578EB2-060E-583A-C5E1-C39076B4E67E}.Debug|Any CPU.Build.0 = Debug|Any CPU
		{98578EB2-060E-583A-C5E1-C39076B4E67E}.Release|Any CPU.ActiveCfg = Release|Any CPU
		{98578EB2-060E-583A-C5E1-C39076B4E67E}.Release|Any CPU.Build.0 = Release|Any CPU
		{7D731FCD-F3A8-3303-8CF3-DF88E9D48A1E}.Debug|Any CPU.ActiveCfg = Debug|Any CPU
		{7D731FCD-F3A8-3303-8CF3-DF88E9D48A1E}.Debug|Any CPU.Build.0 = Debug|Any CPU
		{7D731FCD-F3A8-3303-8CF3-DF88E9D48A1E}.Release|Any CPU.ActiveCfg = Release|Any CPU
		{7D731FCD-F3A8-3303-8CF3-DF88E9D48A1E}.Release|Any CPU.Build.0 = Release|Any CPU
		{CCCF6092-69C8-9231-E2D2-2AF623DB169D}.Debug|Any CPU.ActiveCfg = Debug|Any CPU
		{CCCF6092-69C8-9231-E2D2-2AF623DB169D}.Debug|Any CPU.Build.0 = Debug|Any CPU
		{CCCF6092-69C8-9231-E2D2-2AF623DB169D}.Release|Any CPU.ActiveCfg = Release|Any CPU
		{CCCF6092-69C8-9231-E2D2-2AF623DB169D}.Release|Any CPU.Build.0 = Release|Any CPU
	EndGlobalSection
	GlobalSection(SolutionProperties) = preSolution
		HideSolutionNode = FALSE
	EndGlobalSection
EndGlobal
